
Microsoft Visual Studio Solution File, Format Version 12.00
# Visual Studio 14
VisualStudioVersion = 14.0.25420.1
MinimumVisualStudioVersion = 10.0.40219.1
Project("{FAE04EC0-301F-11D3-BF4B-00C04F79EFBC}") = "PeopleCAT.API.Online", "People.API.CAT\PeopleCAT.API.Online.csproj", "{D3549B40-0E6C-42A9-85DE-C87B390A7B99}"
EndProject
Project("{FAE04EC0-301F-11D3-BF4B-00C04F79EFBC}") = "PeopleCAT.API.Online.Tests", "People.API.CAT.Tests\PeopleCAT.API.Online.Tests.csproj", "{4B69839B-A87A-4010-A764-D753F5FBE11E}"
EndProject
Project("{2150E333-8FDC-42A3-9474-1A3956D46DE8}") = "Solution Items", "Solution Items", "{83D3E977-FF6E-4BB0-985E-1F7C55EB857A}"
	ProjectSection(SolutionItems) = preProject
		README.md = README.md
	EndProjectSection
EndProject
Global
	GlobalSection(SolutionConfigurationPlatforms) = preSolution
		Debug|Any CPU = Debug|Any CPU
		Release|Any CPU = Release|Any CPU
	EndGlobalSection
	GlobalSection(ProjectConfigurationPlatforms) = postSolution
		{D3549B40-0E6C-42A9-85DE-C87B390A7B99}.Debug|Any CPU.ActiveCfg = Debug|Any CPU
		{D3549B40-0E6C-42A9-85DE-C87B390A7B99}.Debug|Any CPU.Build.0 = Debug|Any CPU
		{D3549B40-0E6C-42A9-85DE-C87B390A7B99}.Release|Any CPU.ActiveCfg = Release|Any CPU
		{D3549B40-0E6C-42A9-85DE-C87B390A7B99}.Release|Any CPU.Build.0 = Release|Any CPU
		{4B69839B-A87A-4010-A764-D753F5FBE11E}.Debug|Any CPU.ActiveCfg = Debug|Any CPU
		{4B69839B-A87A-4010-A764-D753F5FBE11E}.Debug|Any CPU.Build.0 = Debug|Any CPU
		{4B69839B-A87A-4010-A764-D753F5FBE11E}.Release|Any CPU.ActiveCfg = Release|Any CPU
		{4B69839B-A87A-4010-A764-D753F5FBE11E}.Release|Any CPU.Build.0 = Release|Any CPU
	EndGlobalSection
	GlobalSection(SolutionProperties) = preSolution
		HideSolutionNode = FALSE
	EndGlobalSection
EndGlobal
